
Microsoft Visual Studio Solution File, Format Version 12.00
# Visual Studio Version 16
VisualStudioVersion = 16.0.28803.202
MinimumVisualStudioVersion = 10.0.40219.1
Project("{FAE04EC0-301F-11D3-BF4B-00C04F79EFBC}") = "Booksystem", "Booksystem\Booksystem.csproj", "{C1389DCC-5461-41F5-B6A8-4268C3F3ADED}"
EndProject
Global
	GlobalSection(SolutionConfigurationPlatforms) = preSolution
		Debug|Any CPU = Debug|Any CPU
		Release|Any CPU = Release|Any CPU
	EndGlobalSection
	GlobalSection(ProjectConfigurationPlatforms) = postSolution
		{C1389DCC-5461-41F5-B6A8-4268C3F3ADED}.Debug|Any CPU.ActiveCfg = Debug|Any CPU
		{C1389DCC-5461-41F5-B6A8-4268C3F3ADED}.Debug|Any CPU.Build.0 = Debug|Any CPU
		{C1389DCC-5461-41F5-B6A8-4268C3F3ADED}.Release|Any CPU.ActiveCfg = Release|Any CPU
		{C1389DCC-5461-41F5-B6A8-4268C3F3ADED}.Release|Any CPU.Build.0 = Release|Any CPU
	EndGlobalSection
	GlobalSection(SolutionProperties) = preSolution
		HideSolutionNode = FALSE
	EndGlobalSection
	GlobalSection(ExtensibilityGlobals) = postSolution
		SolutionGuid = {C32A690D-4EA7-4BC6-B030-C86DC9B84097}
	EndGlobalSection
EndGlobal
